
Microsoft Visual Studio Solution File, Format Version 12.00
# Visual Studio 14
VisualStudioVersion = 14.0.22512.0
MinimumVisualStudioVersion = 10.0.40219.1
Project("{1A738E1F-9F2D-4946-B509-EF31F33A66ED}") = "QuickRes", "QuickRes.csproj", "{8B723176-B69A-4AA1-AEFA-83A51598E544}"
EndProject
Global
	GlobalSection(SolutionConfigurationPlatforms) = preSolution
		Debug|Any CPU = Debug|Any CPU
		Release|Any CPU = Release|Any CPU
	EndGlobalSection
	GlobalSection(ProjectConfigurationPlatforms) = postSolution
		{8B723176-B69A-4AA1-AEFA-83A51598E544}.Debug|Any CPU.ActiveCfg = Debug|Any CPU
		{8B723176-B69A-4AA1-AEFA-83A51598E544}.Debug|Any CPU.Build.0 = Debug|Any CPU
		{8B723176-B69A-4AA1-AEFA-83A51598E544}.Release|Any CPU.ActiveCfg = Release|Any CPU
		{8B723176-B69A-4AA1-AEFA-83A51598E544}.Release|Any CPU.Build.0 = Release|Any CPU
	EndGlobalSection
	GlobalSection(SolutionProperties) = preSolution
		HideSolutionNode = FALSE
	EndGlobalSection
EndGlobal
